
Microsoft Visual Studio Solution File, Format Version 12.00
# Visual Studio Version 17
VisualStudioVersion = 17.4.33213.308
MinimumVisualStudioVersion = 10.0.40219.1
Project("{FAE04EC0-301F-11D3-BF4B-00C04F79EFBC}") = "MatematikaLibraries", "MatematikaLibraries\MatematikaLibraries.csproj", "{966090B6-13EE-41F4-BD02-077FE52FBFD0}"
EndProject
Project("{FAE04EC0-301F-11D3-BF4B-00C04F79EFBC}") = "Driver", "Driver\Driver.csproj", "{98A0086F-9631-46E9-9D3C-7CE1D6A18D66}"
EndProject
Global
	GlobalSection(SolutionConfigurationPlatforms) = preSolution
		Debug|Any CPU = Debug|Any CPU
		Release|Any CPU = Release|Any CPU
	EndGlobalSection
	GlobalSection(ProjectConfigurationPlatforms) = postSolution
		{966090B6-13EE-41F4-BD02-077FE52FBFD0}.Debug|Any CPU.ActiveCfg = Debug|Any CPU
		{966090B6-13EE-41F4-BD02-077FE52FBFD0}.Debug|Any CPU.Build.0 = Debug|Any CPU
		{966090B6-13EE-41F4-BD02-077FE52FBFD0}.Release|Any CPU.ActiveCfg = Release|Any CPU
		{966090B6-13EE-41F4-BD02-077FE52FBFD0}.Release|Any CPU.Build.0 = Release|Any CPU
		{98A0086F-9631-46E9-9D3C-7CE1D6A18D66}.Debug|Any CPU.ActiveCfg = Debug|Any CPU
		{98A0086F-9631-46E9-9D3C-7CE1D6A18D66}.Debug|Any CPU.Build.0 = Debug|Any CPU
		{98A0086F-9631-46E9-9D3C-7CE1D6A18D66}.Release|Any CPU.ActiveCfg = Release|Any CPU
		{98A0086F-9631-46E9-9D3C-7CE1D6A18D66}.Release|Any CPU.Build.0 = Release|Any CPU
	EndGlobalSection
	GlobalSection(SolutionProperties) = preSolution
		HideSolutionNode = FALSE
	EndGlobalSection
	GlobalSection(ExtensibilityGlobals) = postSolution
		SolutionGuid = {206A8CA1-2423-4FBD-80E0-D2C4C61BF5C5}
	EndGlobalSection
EndGlobal
